
Microsoft Visual Studio Solution File, Format Version 12.00
# Visual Studio 15
VisualStudioVersion = 15.0.28010.0
MinimumVisualStudioVersion = 10.0.40219.1
Project("{FAE04EC0-301F-11D3-BF4B-00C04F79EFBC}") = "TechAcademyDailyReport", "TechAcademyDailyReport\TechAcademyDailyReport.csproj", "{D6041276-9E76-4064-9E56-260437059D02}"
EndProject
Global
	GlobalSection(SolutionConfigurationPlatforms) = preSolution
		Debug|Any CPU = Debug|Any CPU
		Release|Any CPU = Release|Any CPU
	EndGlobalSection
	GlobalSection(ProjectConfigurationPlatforms) = postSolution
		{D6041276-9E76-4064-9E56-260437059D02}.Debug|Any CPU.ActiveCfg = Debug|Any CPU
		{D6041276-9E76-4064-9E56-260437059D02}.Debug|Any CPU.Build.0 = Debug|Any CPU
		{D6041276-9E76-4064-9E56-260437059D02}.Release|Any CPU.ActiveCfg = Release|Any CPU
		{D6041276-9E76-4064-9E56-260437059D02}.Release|Any CPU.Build.0 = Release|Any CPU
	EndGlobalSection
	GlobalSection(SolutionProperties) = preSolution
		HideSolutionNode = FALSE
	EndGlobalSection
	GlobalSection(ExtensibilityGlobals) = postSolution
		SolutionGuid = {EF07060B-4E3C-4EB1-B759-4466595235CE}
	EndGlobalSection
EndGlobal
